
Microsoft Visual Studio Solution File, Format Version 12.00
# Visual Studio Version 16
VisualStudioVersion = 16.0.30320.27
MinimumVisualStudioVersion = 10.0.40219.1
Project("{FAE04EC0-301F-11D3-BF4B-00C04F79EFBC}") = "HelloDocker", "HelloDocker\HelloDocker.csproj", "{66B9D0AF-C124-42EB-9E19-95CE7F40DD3C}"
EndProject
Global
	GlobalSection(SolutionConfigurationPlatforms) = preSolution
		Debug|Any CPU = Debug|Any CPU
		Release|Any CPU = Release|Any CPU
	EndGlobalSection
	GlobalSection(ProjectConfigurationPlatforms) = postSolution
		{66B9D0AF-C124-42EB-9E19-95CE7F40DD3C}.Debug|Any CPU.ActiveCfg = Debug|Any CPU
		{66B9D0AF-C124-42EB-9E19-95CE7F40DD3C}.Debug|Any CPU.Build.0 = Debug|Any CPU
		{66B9D0AF-C124-42EB-9E19-95CE7F40DD3C}.Release|Any CPU.ActiveCfg = Release|Any CPU
		{66B9D0AF-C124-42EB-9E19-95CE7F40DD3C}.Release|Any CPU.Build.0 = Release|Any CPU
	EndGlobalSection
	GlobalSection(SolutionProperties) = preSolution
		HideSolutionNode = FALSE
	EndGlobalSection
	GlobalSection(ExtensibilityGlobals) = postSolution
		SolutionGuid = {67AED6B7-6EEC-404E-ACF9-446EA8238B5C}
	EndGlobalSection
EndGlobal
